// !$*UTF8*$!
{
	archiveVersion = 1;
	classes = {
	};
	objectVersion = 46;
	objects = {

/* Begin PBXBuildFile section */
		95687B911BCA3670000EB693 /* main.m in Sources */ = {isa = PBXBuildFile; fileRef = 95687B901BCA3670000EB693 /* main.m */; };
		95687B941BCA3670000EB693 /* AppDelegate.m in Sources */ = {isa = PBXBuildFile; fileRef = 95687B931BCA3670000EB693 /* AppDelegate.m */; };
		95687B971BCA3670000EB693 /* ViewController.mm in Sources */ = {isa = PBXBuildFile; fileRef = 95687B961BCA3670000EB693 /* ViewController.mm */; };
		95687B9A1BCA3670000EB693 /* Main.storyboard in Resources */ = {isa = PBXBuildFile; fileRef = 95687B981BCA3670000EB693 /* Main.storyboard */; };
		95687B9C1BCA3670000EB693 /* Images.xcassets in Resources */ = {isa = PBXBuildFile; fileRef = 95687B9B1BCA3670000EB693 /* Images.xcassets */; };
		95687B9F1BCA3670000EB693 /* LaunchScreen.xib in Resources */ = {isa = PBXBuildFile; fileRef = 95687B9D1BCA3670000EB693 /* LaunchScreen.xib */; };
		95687BAB1BCA3670000EB693 /* student_attendTests.m in Sources */ = {isa = PBXBuildFile; fileRef = 95687BAA1BCA3670000EB693 /* student_attendTests.m */; };
		95687BB51BCA3735000EB693 /* opencv2.framework in Frameworks */ = {isa = PBXBuildFile; fileRef = 95687BB41BCA3735000EB693 /* opencv2.framework */; };
		95687BB71BCA3B98000EB693 /* Accelerate.framework in Frameworks */ = {isa = PBXBuildFile; fileRef = 95687BB61BCA3B98000EB693 /* Accelerate.framework */; };
		95687BB91BCA3BA3000EB693 /* AssetsLibrary.framework in Frameworks */ = {isa = PBXBuildFile; fileRef = 95687BB81BCA3BA3000EB693 /* AssetsLibrary.framework */; };
		95687BBB1BCA3BAE000EB693 /* AVFoundation.framework in Frameworks */ = {isa = PBXBuildFile; fileRef = 95687BBA1BCA3BAE000EB693 /* AVFoundation.framework */; };
		95687BBD1BCA3BBB000EB693 /* CoreGraphics.framework in Frameworks */ = {isa = PBXBuildFile; fileRef = 95687BBC1BCA3BBB000EB693 /* CoreGraphics.framework */; };
		95687BBF1BCA3BC7000EB693 /* CoreImage.framework in Frameworks */ = {isa = PBXBuildFile; fileRef = 95687BBE1BCA3BC7000EB693 /* CoreImage.framework */; };
		95687BC11BCA3BD3000EB693 /* CoreMedia.framework in Frameworks */ = {isa = PBXBuildFile; fileRef = 95687BC01BCA3BD3000EB693 /* CoreMedia.framework */; };
		95687BC31BCA3BDE000EB693 /* CoreVideo.framework in Frameworks */ = {isa = PBXBuildFile; fileRef = 95687BC21BCA3BDE000EB693 /* CoreVideo.framework */; };
		95687BC51BCA3BE8000EB693 /* QuartzCore.framework in Frameworks */ = {isa = PBXBuildFile; fileRef = 95687BC41BCA3BE8000EB693 /* QuartzCore.framework */; };
		95687BC71BCA3BF5000EB693 /* Foundation.framework in Frameworks */ = {isa = PBXBuildFile; fileRef = 95687BC61BCA3BF5000EB693 /* Foundation.framework */; };
		95687BC91BCA441C000EB693 /* haarcascade_frontalface_alt2.xml in Resources */ = {isa = PBXBuildFile; fileRef = 95687BC81BCA441C000EB693 /* haarcascade_frontalface_alt2.xml */; };
		95687BCC1BCA685E000EB693 /* settingViewController.m in Sources */ = {isa = PBXBuildFile; fileRef = 95687BCB1BCA685E000EB693 /* settingViewController.m */; };
/* End PBXBuildFile section */

/* Begin PBXContainerItemProxy section */
		95687BA51BCA3670000EB693 /* PBXContainerItemProxy */ = {
			isa = PBXContainerItemProxy;
			containerPortal = 95687B831BCA3670000EB693 /* Project object */;
			proxyType = 1;
			remoteGlobalIDString = 95687B8A1BCA3670000EB693;
			remoteInfo = student_attend;
		};
/* End PBXContainerItemProxy section */

/* Begin PBXFileReference section */
		95687B8B1BCA3670000EB693 /* student_attend.app */ = {isa = PBXFileReference; explicitFileType = wrapper.application; includeInIndex = 0; path = student_attend.app; sourceTree = BUILT_PRODUCTS_DIR; };
		95687B8F1BCA3670000EB693 /* Info.plist */ = {isa = PBXFileReference; lastKnownFileType = text.plist.xml; path = Info.plist; sourceTree = "<group>"; };
		95687B901BCA3670000EB693 /* main.m */ = {isa = PBXFileReference; lastKnownFileType = sourcecode.c.objc; path = main.m; sourceTree = "<group>"; };
		95687B921BCA3670000EB693 /* AppDelegate.h */ = {isa = PBXFileReference; lastKnownFileType = sourcecode.c.h; path = AppDelegate.h; sourceTree = "<group>"; };
		95687B931BCA3670000EB693 /* AppDelegate.m */ = {isa = PBXFileReference; lastKnownFileType = sourcecode.c.objc; path = AppDelegate.m; sourceTree = "<group>"; };
		95687B951BCA3670000EB693 /* ViewController.h */ = {isa = PBXFileReference; lastKnownFileType = sourcecode.c.h; path = ViewController.h; sourceTree = "<group>"; };
		95687B961BCA3670000EB693 /* ViewController.mm */ = {isa = PBXFileReference; lastKnownFileType = sourcecode.cpp.objcpp; path = ViewController.mm; sourceTree = "<group>"; };
		95687B991BCA3670000EB693 /* Base */ = {isa = PBXFileReference; lastKnownFileType = file.storyboard; name = Base; path = Base.lproj/Main.storyboard; sourceTree = "<group>"; };
		95687B9B1BCA3670000EB693 /* Images.xcassets */ = {isa = PBXFileReference; lastKnownFileType = folder.assetcatalog; path = Images.xcassets; sourceTree = "<group>"; };
		95687B9E1BCA3670000EB693 /* Base */ = {isa = PBXFileReference; lastKnownFileType = file.xib; name = Base; path = Base.lproj/LaunchScreen.xib; sourceTree = "<group>"; };
		95687BA41BCA3670000EB693 /* student_attendTests.xctest */ = {isa = PBXFileReference; explicitFileType = wrapper.cfbundle; includeInIndex = 0; path = student_attendTests.xctest; sourceTree = BUILT_PRODUCTS_DIR; };
		95687BA91BCA3670000EB693 /* Info.plist */ = {isa = PBXFileReference; lastKnownFileType = text.plist.xml; path = Info.plist; sourceTree = "<group>"; };
		95687BAA1BCA3670000EB693 /* student_attendTests.m */ = {isa = PBXFileReference; lastKnownFileType = sourcecode.c.objc; path = student_attendTests.m; sourceTree = "<group>"; };
		95687BB41BCA3735000EB693 /* opencv2.framework */ = {isa = PBXFileReference; lastKnownFileType = wrapper.framework; path = opencv2.framework; sourceTree = "<group>"; };
		95687BB61BCA3B98000EB693 /* Accelerate.framework */ = {isa = PBXFileReference; lastKnownFileType = wrapper.framework; name = Accelerate.framework; path = System/Library/Frameworks/Accelerate.framework; sourceTree = SDKROOT; };
		95687BB81BCA3BA3000EB693 /* AssetsLibrary.framework */ = {isa = PBXFileReference; lastKnownFileType = wrapper.framework; name = AssetsLibrary.framework; path = System/Library/Frameworks/AssetsLibrary.framework; sourceTree = SDKROOT; };
		95687BBA1BCA3BAE000EB693 /* AVFoundation.framework */ = {isa = PBXFileReference; lastKnownFileType = wrapper.framework; name = AVFoundation.framework; path = System/Library/Frameworks/AVFoundation.framework; sourceTree = SDKROOT; };
		95687BBC1BCA3BBB000EB693 /* CoreGraphics.framework */ = {isa = PBXFileReference; lastKnownFileType = wrapper.framework; name = CoreGraphics.framework; path = System/Library/Frameworks/CoreGraphics.framework; sourceTree = SDKROOT; };
		95687BBE1BCA3BC7000EB693 /* CoreImage.framework */ = {isa = PBXFileReference; lastKnownFileType = wrapper.framework; name = CoreImage.framework; path = System/Library/Frameworks/CoreImage.framework; sourceTree = SDKROOT; };
		95687BC01BCA3BD3000EB693 /* CoreMedia.framework */ = {isa = PBXFileReference; lastKnownFileType = wrapper.framework; name = CoreMedia.framework; path = System/Library/Frameworks/CoreMedia.framework; sourceTree = SDKROOT; };
		95687BC21BCA3BDE000EB693 /* CoreVideo.framework */ = {isa = PBXFileReference; lastKnownFileType = wrapper.framework; name = CoreVideo.framework; path = System/Library/Frameworks/CoreVideo.framework; sourceTree = SDKROOT; };
		95687BC41BCA3BE8000EB693 /* QuartzCore.framework */ = {isa = PBXFileReference; lastKnownFileType = wrapper.framework; name = QuartzCore.framework; path = System/Library/Frameworks/QuartzCore.framework; sourceTree = SDKROOT; };
		95687BC61BCA3BF5000EB693 /* Foundation.framework */ = {isa = PBXFileReference; lastKnownFileType = wrapper.framework; name = Foundation.framework; path = System/Library/Frameworks/Foundation.framework; sourceTree = SDKROOT; };
		95687BC81BCA441C000EB693 /* haarcascade_frontalface_alt2.xml */ = {isa = PBXFileReference; fileEncoding = 4; lastKnownFileType = text.xml; path = haarcascade_frontalface_alt2.xml; sourceTree = "<group>"; };
		95687BCA1BCA685E000EB693 /* settingViewController.h */ = {isa = PBXFileReference; fileEncoding = 4; lastKnownFileType = sourcecode.c.h; path = settingViewController.h; sourceTree = "<group>"; };
		95687BCB1BCA685E000EB693 /* settingViewController.m */ = {isa = PBXFileReference; fileEncoding = 4; lastKnownFileType = sourcecode.c.objc; path = settingViewController.m; sourceTree = "<group>"; };
/* End PBXFileReference section */

/* Begin PBXFrameworksBuildPhase section */
		95687B881BCA3670000EB693 /* Frameworks */ = {
			isa = PBXFrameworksBuildPhase;
			buildActionMask = 2147483647;
			files = (
				95687BC71BCA3BF5000EB693 /* Foundation.framework in Frameworks */,
				95687BC51BCA3BE8000EB693 /* QuartzCore.framework in Frameworks */,
				95687BC31BCA3BDE000EB693 /* CoreVideo.framework in Frameworks */,
				95687BC11BCA3BD3000EB693 /* CoreMedia.framework in Frameworks */,
				95687BBF1BCA3BC7000EB693 /* CoreImage.framework in Frameworks */,
				95687BBD1BCA3BBB000EB693 /* CoreGraphics.framework in Frameworks */,
				95687BBB1BCA3BAE000EB693 /* AVFoundation.framework in Frameworks */,
				95687BB91BCA3BA3000EB693 /* AssetsLibrary.framework in Frameworks */,
				95687BB71BCA3B98000EB693 /* Accelerate.framework in Frameworks */,
				95687BB51BCA3735000EB693 /* opencv2.framework in Frameworks */,
			);
			runOnlyForDeploymentPostprocessing = 0;
		};
		95687BA11BCA3670000EB693 /* Frameworks */ = {
			isa = PBXFrameworksBuildPhase;
			buildActionMask = 2147483647;
			files = (
			);
			runOnlyForDeploymentPostprocessing = 0;
		};
/* End PBXFrameworksBuildPhase section */

/* Begin PBXGroup section */
		95687B821BCA3670000EB693 = {
			isa = PBXGroup;
			children = (
				95687BC81BCA441C000EB693 /* haarcascade_frontalface_alt2.xml */,
				95687BC61BCA3BF5000EB693 /* Foundation.framework */,
				95687BC41BCA3BE8000EB693 /* QuartzCore.framework */,
				95687BC21BCA3BDE000EB693 /* CoreVideo.framework */,
				95687BC01BCA3BD3000EB693 /* CoreMedia.framework */,
				95687BBE1BCA3BC7000EB693 /* CoreImage.framework */,
				95687BBC1BCA3BBB000EB693 /* CoreGraphics.framework */,
				95687BBA1BCA3BAE000EB693 /* AVFoundation.framework */,
				95687BB81BCA3BA3000EB693 /* AssetsLibrary.framework */,
				95687BB61BCA3B98000EB693 /* Accelerate.framework */,
				95687BB41BCA3735000EB693 /* opencv2.framework */,
				95687B8D1BCA3670000EB693 /* student_attend */,
				95687BA71BCA3670000EB693 /* student_attendTests */,
				95687B8C1BCA3670000EB693 /* Products */,
			);
			sourceTree = "<group>";
		};
		95687B8C1BCA3670000EB693 /* Products */ = {
			isa = PBXGroup;
			children = (
				95687B8B1BCA3670000EB693 /* student_attend.app */,
				95687BA41BCA3670000EB693 /* student_attendTests.xctest */,
			);
			name = Products;
			sourceTree = "<group>";
		};
		95687B8D1BCA3670000EB693 /* student_attend */ = {
			isa = PBXGroup;
			children = (
				95687B921BCA3670000EB693 /* AppDelegate.h */,
				95687B931BCA3670000EB693 /* AppDelegate.m */,
				95687B951BCA3670000EB693 /* ViewController.h */,
				95687B961BCA3670000EB693 /* ViewController.mm */,
				95687BCA1BCA685E000EB693 /* settingViewController.h */,
				95687BCB1BCA685E000EB693 /* settingViewController.m */,
				95687B981BCA3670000EB693 /* Main.storyboard */,
				95687B9B1BCA3670000EB693 /* Images.xcassets */,
				95687B9D1BCA3670000EB693 /* LaunchScreen.xib */,
				95687B8E1BCA3670000EB693 /* Supporting Files */,
			);
			path = student_attend;
			sourceTree = "<group>";
		};
		95687B8E1BCA3670000EB693 /* Supporting Files */ = {
			isa = PBXGroup;
			children = (
				95687B8F1BCA3670000EB693 /* Info.plist */,
				95687B901BCA3670000EB693 /* main.m */,
			);
			name = "Supporting Files";
			sourceTree = "<group>";
		};
		95687BA71BCA3670000EB693 /* student_attendTests */ = {
			isa = PBXGroup;
			children = (
				95687BAA1BCA3670000EB693 /* student_attendTests.m */,
				95687BA81BCA3670000EB693 /* Supporting Files */,
			);
			path = student_attendTests;
			sourceTree = "<group>";
		};
		95687BA81BCA3670000EB693 /* Supporting Files */ = {
			isa = PBXGroup;
			children = (
				95687BA91BCA3670000EB693 /* Info.plist */,
			);
			name = "Supporting Files";
			sourceTree = "<group>";
		};
/* End PBXGroup section */

/* Begin PBXNativeTarget section */
		95687B8A1BCA3670000EB693 /* student_attend */ = {
			isa = PBXNativeTarget;
			buildConfigurationList = 95687BAE1BCA3670000EB693 /* Build configuration list for PBXNativeTarget "student_attend" */;
			buildPhases = (
				95687B871BCA3670000EB693 /* Sources */,
				95687B881BCA3670000EB693 /* Frameworks */,
				95687B891BCA3670000EB693 /* Resources */,
			);
			buildRules = (
			);
			dependencies = (
			);
			name = student_attend;
			productName = student_attend;
			productReference = 95687B8B1BCA3670000EB693 /* student_attend.app */;
			productType = "com.apple.product-type.application";
		};
		95687BA31BCA3670000EB693 /* student_attendTests */ = {
			isa = PBXNativeTarget;
			buildConfigurationList = 95687BB11BCA3670000EB693 /* Build configuration list for PBXNativeTarget "student_attendTests" */;
			buildPhases = (
				95687BA01BCA3670000EB693 /* Sources */,
				95687BA11BCA3670000EB693 /* Frameworks */,
				95687BA21BCA3670000EB693 /* Resources */,
			);
			buildRules = (
			);
			dependencies = (
				95687BA61BCA3670000EB693 /* PBXTargetDependency */,
			);
			name = student_attendTests;
			productName = student_attendTests;
			productReference = 95687BA41BCA3670000EB693 /* student_attendTests.xctest */;
			productType = "com.apple.product-type.bundle.unit-test";
		};
/* End PBXNativeTarget section */

/* Begin PBXProject section */
		95687B831BCA3670000EB693 /* Project object */ = {
			isa = PBXProject;
			attributes = {
				LastUpgradeCheck = 0620;
				ORGANIZATIONNAME = yota;
				TargetAttributes = {
					95687B8A1BCA3670000EB693 = {
						CreatedOnToolsVersion = 6.2;
						DevelopmentTeam = 9WU5UT47U9;
					};
					95687BA31BCA3670000EB693 = {
						CreatedOnToolsVersion = 6.2;
						TestTargetID = 95687B8A1BCA3670000EB693;
					};
				};
			};
			buildConfigurationList = 95687B861BCA3670000EB693 /* Build configuration list for PBXProject "student_attend" */;
			compatibilityVersion = "Xcode 3.2";
			developmentRegion = English;
			hasScannedForEncodings = 0;
			knownRegions = (
				en,
				Base,
			);
			mainGroup = 95687B821BCA3670000EB693;
			productRefGroup = 95687B8C1BCA3670000EB693 /* Products */;
			projectDirPath = "";
			projectRoot = "";
			targets = (
				95687B8A1BCA3670000EB693 /* student_attend */,
				95687BA31BCA3670000EB693 /* student_attendTests */,
			);
		};
/* End PBXProject section */

/* Begin PBXResourcesBuildPhase section */
		95687B891BCA3670000EB693 /* Resources */ = {
			isa = PBXResourcesBuildPhase;
			buildActionMask = 2147483647;
			files = (
				95687B9A1BCA3670000EB693 /* Main.storyboard in Resources */,
				95687B9F1BCA3670000EB693 /* LaunchScreen.xib in Resources */,
				95687BC91BCA441C000EB693 /* haarcascade_frontalface_alt2.xml in Resources */,
				95687B9C1BCA3670000EB693 /* Images.xcassets in Resources */,
			);
			runOnlyForDeploymentPostprocessing = 0;
		};
		95687BA21BCA3670000EB693 /* Resources */ = {
			isa = PBXResourcesBuildPhase;
			buildActionMask = 2147483647;
			files = (
			);
			runOnlyForDeploymentPostprocessing = 0;
		};
/* End PBXResourcesBuildPhase section */

/* Begin PBXSourcesBuildPhase section */
		95687B871BCA3670000EB693 /* Sources */ = {
			isa = PBXSourcesBuildPhase;
			buildActionMask = 2147483647;
			files = (
				95687B971BCA3670000EB693 /* ViewController.mm in Sources */,
				95687B941BCA3670000EB693 /* AppDelegate.m in Sources */,
				95687B911BCA3670000EB693 /* main.m in Sources */,
				95687BCC1BCA685E000EB693 /* settingViewController.m in Sources */,
			);
			runOnlyForDeploymentPostprocessing = 0;
		};
		95687BA01BCA3670000EB693 /* Sources */ = {
			isa = PBXSourcesBuildPhase;
			buildActionMask = 2147483647;
			files = (
				95687BAB1BCA3670000EB693 /* student_attendTests.m in Sources */,
			);
			runOnlyForDeploymentPostprocessing = 0;
		};
/* End PBXSourcesBuildPhase section */

/* Begin PBXTargetDependency section */
		95687BA61BCA3670000EB693 /* PBXTargetDependency */ = {
			isa = PBXTargetDependency;
			target = 95687B8A1BCA3670000EB693 /* student_attend */;
			targetProxy = 95687BA51BCA3670000EB693 /* PBXContainerItemProxy */;
		};
/* End PBXTargetDependency section */

/* Begin PBXVariantGroup section */
		95687B981BCA3670000EB693 /* Main.storyboard */ = {
			isa = PBXVariantGroup;
			children = (
				95687B991BCA3670000EB693 /* Base */,
			);
			name = Main.storyboard;
			sourceTree = "<group>";
		};
		95687B9D1BCA3670000EB693 /* LaunchScreen.xib */ = {
			isa = PBXVariantGroup;
			children = (
				95687B9E1BCA3670000EB693 /* Base */,
			);
			name = LaunchScreen.xib;
			sourceTree = "<group>";
		};
/* End PBXVariantGroup section */

/* Begin XCBuildConfiguration section */
		95687BAC1BCA3670000EB693 /* Debug */ = {
			isa = XCBuildConfiguration;
			buildSettings = {
				ALWAYS_SEARCH_USER_PATHS = NO;
				CLANG_CXX_LANGUAGE_STANDARD = "gnu++0x";
				CLANG_CXX_LIBRARY = "libc++";
				CLANG_ENABLE_MODULES = YES;
				CLANG_ENABLE_OBJC_ARC = YES;
				CLANG_WARN_BOOL_CONVERSION = YES;
				CLANG_WARN_CONSTANT_CONVERSION = YES;
				CLANG_WARN_DIRECT_OBJC_ISA_USAGE = YES_ERROR;
				CLANG_WARN_EMPTY_BODY = YES;
				CLANG_WARN_ENUM_CONVERSION = YES;
				CLANG_WARN_INT_CONVERSION = YES;
				CLANG_WARN_OBJC_ROOT_CLASS = YES_ERROR;
				CLANG_WARN_UNREACHABLE_CODE = YES;
				CLANG_WARN__DUPLICATE_METHOD_MATCH = YES;
				"CODE_SIGN_IDENTITY[sdk=iphoneos*]" = "iPhone Developer";
				COPY_PHASE_STRIP = NO;
				ENABLE_STRICT_OBJC_MSGSEND = YES;
				GCC_C_LANGUAGE_STANDARD = gnu99;
				GCC_DYNAMIC_NO_PIC = NO;
				GCC_OPTIMIZATION_LEVEL = 0;
				GCC_PREPROCESSOR_DEFINITIONS = (
					"DEBUG=1",
					"$(inherited)",
				);
				GCC_SYMBOLS_PRIVATE_EXTERN = NO;
				GCC_WARN_64_TO_32_BIT_CONVERSION = YES;
				GCC_WARN_ABOUT_RETURN_TYPE = YES_ERROR;
				GCC_WARN_UNDECLARED_SELECTOR = YES;
				GCC_WARN_UNINITIALIZED_AUTOS = YES_AGGRESSIVE;
				GCC_WARN_UNUSED_FUNCTION = YES;
				GCC_WARN_UNUSED_VARIABLE = YES;
				IPHONEOS_DEPLOYMENT_TARGET = 8.2;
				MTL_ENABLE_DEBUG_INFO = YES;
				ONLY_ACTIVE_ARCH = YES;
				SDKROOT = iphoneos;
			};
			name = Debug;
		};
		95687BAD1BCA3670000EB693 /* Release */ = {
			isa = XCBuildConfiguration;
			buildSettings = {
				ALWAYS_SEARCH_USER_PATHS = NO;
				CLANG_CXX_LANGUAGE_STANDARD = "gnu++0x";
				CLANG_CXX_LIBRARY = "libc++";
				CLANG_ENABLE_MODULES = YES;
				CLANG_ENABLE_OBJC_ARC = YES;
				CLANG_WARN_BOOL_CONVERSION = YES;
				CLANG_WARN_CONSTANT_CONVERSION = YES;
				CLANG_WARN_DIRECT_OBJC_ISA_USAGE = YES_ERROR;
				CLANG_WARN_EMPTY_BODY = YES;
				CLANG_WARN_ENUM_CONVERSION = YES;
				CLANG_WARN_INT_CONVERSION = YES;
				CLANG_WARN_OBJC_ROOT_CLASS = YES_ERROR;
				CLANG_WARN_UNREACHABLE_CODE = YES;
				CLANG_WARN__DUPLICATE_METHOD_MATCH = YES;
				"CODE_SIGN_IDENTITY[sdk=iphoneos*]" = "iPhone Developer";
				COPY_PHASE_STRIP = NO;
				ENABLE_NS_ASSERTIONS = NO;
				ENABLE_STRICT_OBJC_MSGSEND = YES;
				GCC_C_LANGUAGE_STANDARD = gnu99;
				GCC_WARN_64_TO_32_BIT_CONVERSION = YES;
				GCC_WARN_ABOUT_RETURN_TYPE = YES_ERROR;
				GCC_WARN_UNDECLARED_SELECTOR = YES;
				GCC_WARN_UNINITIALIZED_AUTOS = YES_AGGRESSIVE;
				GCC_WARN_UNUSED_FUNCTION = YES;
				GCC_WARN_UNUSED_VARIABLE = YES;
				IPHONEOS_DEPLOYMENT_TARGET = 8.2;
				MTL_ENABLE_DEBUG_INFO = NO;
				SDKROOT = iphoneos;
				VALIDATE_PRODUCT = YES;
			};
			name = Release;
		};
		95687BAF1BCA3670000EB693 /* Debug */ = {
			isa = XCBuildConfiguration;
			buildSettings = {
				ASSETCATALOG_COMPILER_APPICON_NAME = AppIcon;
				FRAMEWORK_SEARCH_PATHS = (
					"$(inherited)",
					"$(PROJECT_DIR)",
				);
				INFOPLIST_FILE = student_attend/Info.plist;
				LD_RUNPATH_SEARCH_PATHS = "$(inherited) @executable_path/Frameworks";
				PRODUCT_NAME = "$(TARGET_NAME)";
			};
			name = Debug;
		};
		95687BB01BCA3670000EB693 /* Release */ = {
			isa = XCBuildConfiguration;
			buildSettings = {
				ASSETCATALOG_COMPILER_APPICON_NAME = AppIcon;
				FRAMEWORK_SEARCH_PATHS = (
					"$(inherited)",
					"$(PROJECT_DIR)",
				);
				INFOPLIST_FILE = student_attend/Info.plist;
				LD_RUNPATH_SEARCH_PATHS = "$(inherited) @executable_path/Frameworks";
				PRODUCT_NAME = "$(TARGET_NAME)";
			};
			name = Release;
		};
		95687BB21BCA3670000EB693 /* Debug */ = {
			isa = XCBuildConfiguration;
			buildSettings = {
				BUNDLE_LOADER = "$(TEST_HOST)";
				FRAMEWORK_SEARCH_PATHS = (
					"$(SDKROOT)/Developer/Library/Frameworks",
					"$(inherited)",
				);
				GCC_PREPROCESSOR_DEFINITIONS = (
					"DEBUG=1",
					"$(inherited)",
				);
				INFOPLIST_FILE = student_attendTests/Info.plist;
				LD_RUNPATH_SEARCH_PATHS = "$(inherited) @executable_path/Frameworks @loader_path/Frameworks";
				PRODUCT_NAME = "$(TARGET_NAME)";
				TEST_HOST = "$(BUILT_PRODUCTS_DIR)/student_attend.app/student_attend";
			};
			name = Debug;
		};
		95687BB31BCA3670000EB693 /* Release */ = {
			isa = XCBuildConfiguration;
			buildSettings = {
				BUNDLE_LOADER = "$(TEST_HOST)";
				FRAMEWORK_SEARCH_PATHS = (
					"$(SDKROOT)/Developer/Library/Frameworks",
					"$(inherited)",
				);
				INFOPLIST_FILE = student_attendTests/Info.plist;
				LD_RUNPATH_SEARCH_PATHS = "$(inherited) @executable_path/Frameworks @loader_path/Frameworks";
				PRODUCT_NAME = "$(TARGET_NAME)";
				TEST_HOST = "$(BUILT_PRODUCTS_DIR)/student_attend.app/student_attend";
			};
			name = Release;
		};
/* End XCBuildConfiguration section */

/* Begin XCConfigurationList section */
		95687B861BCA3670000EB693 /* Build configuration list for PBXProject "student_attend" */ = {
			isa = XCConfigurationList;
			buildConfigurations = (
				95687BAC1BCA3670000EB693 /* Debug */,
				95687BAD1BCA3670000EB693 /* Release */,
			);
			defaultConfigurationIsVisible = 0;
			defaultConfigurationName = Release;
		};
		95687BAE1BCA3670000EB693 /* Build configuration list for PBXNativeTarget "student_attend" */ = {
			isa = XCConfigurationList;
			buildConfigurations = (
				95687BAF1BCA3670000EB693 /* Debug */,
				95687BB01BCA3670000EB693 /* Release */,
			);
			defaultConfigurationIsVisible = 0;
		};
		95687BB11BCA3670000EB693 /* Build configuration list for PBXNativeTarget "student_attendTests" */ = {
			isa = XCConfigurationList;
			buildConfigurations = (
				95687BB21BCA3670000EB693 /* Debug */,
				95687BB31BCA3670000EB693 /* Release */,
			);
			defaultConfigurationIsVisible = 0;
		};
/* End XCConfigurationList section */
	};
	rootObject = 95687B831BCA3670000EB693 /* Project object */;
}
